// !$*UTF8*$!
{
	archiveVersion = 1;
	classes = {
	};
	objectVersion = 46;
	objects = {

/* Begin PBXBuildFile section */
		521DBC251E8F6B84009B8921 /* icon.swift in Sources */ = {isa = PBXBuildFile; fileRef = 521DBC241E8F6B84009B8921 /* icon.swift */; };
		521DBC271E915343009B8921 /* ipRow.swift in Sources */ = {isa = PBXBuildFile; fileRef = 521DBC261E915343009B8921 /* ipRow.swift */; };
		52CC35C61E8D7D5F0073E74C /* AppDelegate.swift in Sources */ = {isa = PBXBuildFile; fileRef = 52CC35C51E8D7D5F0073E74C /* AppDelegate.swift */; };
		52CC35C81E8D7D5F0073E74C /* WeatherVC.swift in Sources */ = {isa = PBXBuildFile; fileRef = 52CC35C71E8D7D5F0073E74C /* WeatherVC.swift */; };
		52CC35CB1E8D7D5F0073E74C /* Main.storyboard in Resources */ = {isa = PBXBuildFile; fileRef = 52CC35C91E8D7D5F0073E74C /* Main.storyboard */; };
		52CC35CD1E8D7D5F0073E74C /* Assets.xcassets in Resources */ = {isa = PBXBuildFile; fileRef = 52CC35CC1E8D7D5F0073E74C /* Assets.xcassets */; };
		52CC35D01E8D7D5F0073E74C /* LaunchScreen.storyboard in Resources */ = {isa = PBXBuildFile; fileRef = 52CC35CE1E8D7D5F0073E74C /* LaunchScreen.storyboard */; };
		52CC35D81E8D83AA0073E74C /* Constants.swift in Sources */ = {isa = PBXBuildFile; fileRef = 52CC35D71E8D83AA0073E74C /* Constants.swift */; };
		52CC35DA1E8DA8900073E74C /* CurrentWeather.swift in Sources */ = {isa = PBXBuildFile; fileRef = 52CC35D91E8DA8900073E74C /* CurrentWeather.swift */; };
		52CC35DC1E8DC1ED0073E74C /* Forecast.swift in Sources */ = {isa = PBXBuildFile; fileRef = 52CC35DB1E8DC1ED0073E74C /* Forecast.swift */; };
		52CC35DF1E8EA3BA0073E74C /* Tools.swift in Sources */ = {isa = PBXBuildFile; fileRef = 52CC35DE1E8EA3BA0073E74C /* Tools.swift */; };
		52CC35E11E8EAD3A0073E74C /* WeatherCell.swift in Sources */ = {isa = PBXBuildFile; fileRef = 52CC35E01E8EAD3A0073E74C /* WeatherCell.swift */; };
		52CC35E31E8EB4200073E74C /* Location.swift in Sources */ = {isa = PBXBuildFile; fileRef = 52CC35E21E8EB4200073E74C /* Location.swift */; };
		AEA03A62A40453EF848A27DA /* Pods_GetWeather.framework in Frameworks */ = {isa = PBXBuildFile; fileRef = 56701B48DB2E9978CEE97487 /* Pods_GetWeather.framework */; };
/* End PBXBuildFile section */

/* Begin PBXFileReference section */
		521DBC241E8F6B84009B8921 /* icon.swift */ = {isa = PBXFileReference; fileEncoding = 4; lastKnownFileType = sourcecode.swift; path = icon.swift; sourceTree = "<group>"; };
		521DBC261E915343009B8921 /* ipRow.swift */ = {isa = PBXFileReference; fileEncoding = 4; lastKnownFileType = sourcecode.swift; path = ipRow.swift; sourceTree = "<group>"; };
		52CC35C21E8D7D5F0073E74C /* GetWeather.app */ = {isa = PBXFileReference; explicitFileType = wrapper.application; includeInIndex = 0; path = GetWeather.app; sourceTree = BUILT_PRODUCTS_DIR; };
		52CC35C51E8D7D5F0073E74C /* AppDelegate.swift */ = {isa = PBXFileReference; lastKnownFileType = sourcecode.swift; path = AppDelegate.swift; sourceTree = "<group>"; };
		52CC35C71E8D7D5F0073E74C /* WeatherVC.swift */ = {isa = PBXFileReference; lastKnownFileType = sourcecode.swift; path = WeatherVC.swift; sourceTree = "<group>"; };
		52CC35CA1E8D7D5F0073E74C /* Base */ = {isa = PBXFileReference; lastKnownFileType = file.storyboard; name = Base; path = Base.lproj/Main.storyboard; sourceTree = "<group>"; };
		52CC35CC1E8D7D5F0073E74C /* Assets.xcassets */ = {isa = PBXFileReference; lastKnownFileType = folder.assetcatalog; path = Assets.xcassets; sourceTree = "<group>"; };
		52CC35CF1E8D7D5F0073E74C /* Base */ = {isa = PBXFileReference; lastKnownFileType = file.storyboard; name = Base; path = Base.lproj/LaunchScreen.storyboard; sourceTree = "<group>"; };
		52CC35D11E8D7D5F0073E74C /* Info.plist */ = {isa = PBXFileReference; lastKnownFileType = text.plist.xml; path = Info.plist; sourceTree = "<group>"; };
		52CC35D71E8D83AA0073E74C /* Constants.swift */ = {isa = PBXFileReference; fileEncoding = 4; lastKnownFileType = sourcecode.swift; path = Constants.swift; sourceTree = "<group>"; };
		52CC35D91E8DA8900073E74C /* CurrentWeather.swift */ = {isa = PBXFileReference; fileEncoding = 4; lastKnownFileType = sourcecode.swift; path = CurrentWeather.swift; sourceTree = "<group>"; };
		52CC35DB1E8DC1ED0073E74C /* Forecast.swift */ = {isa = PBXFileReference; fileEncoding = 4; lastKnownFileType = sourcecode.swift; path = Forecast.swift; sourceTree = "<group>"; };
		52CC35DE1E8EA3BA0073E74C /* Tools.swift */ = {isa = PBXFileReference; fileEncoding = 4; lastKnownFileType = sourcecode.swift; path = Tools.swift; sourceTree = "<group>"; };
		52CC35E01E8EAD3A0073E74C /* WeatherCell.swift */ = {isa = PBXFileReference; fileEncoding = 4; lastKnownFileType = sourcecode.swift; path = WeatherCell.swift; sourceTree = "<group>"; };
		52CC35E21E8EB4200073E74C /* Location.swift */ = {isa = PBXFileReference; fileEncoding = 4; lastKnownFileType = sourcecode.swift; path = Location.swift; sourceTree = "<group>"; };
		56701B48DB2E9978CEE97487 /* Pods_GetWeather.framework */ = {isa = PBXFileReference; explicitFileType = wrapper.framework; includeInIndex = 0; path = Pods_GetWeather.framework; sourceTree = BUILT_PRODUCTS_DIR; };
		B26D06C56AE60F13371AE21C /* Pods-GetWeather.release.xcconfig */ = {isa = PBXFileReference; includeInIndex = 1; lastKnownFileType = text.xcconfig; name = "Pods-GetWeather.release.xcconfig"; path = "Pods/Target Support Files/Pods-GetWeather/Pods-GetWeather.release.xcconfig"; sourceTree = "<group>"; };
		ECCC1F4216DD95FF19FDC037 /* Pods-GetWeather.debug.xcconfig */ = {isa = PBXFileReference; includeInIndex = 1; lastKnownFileType = text.xcconfig; name = "Pods-GetWeather.debug.xcconfig"; path = "Pods/Target Support Files/Pods-GetWeather/Pods-GetWeather.debug.xcconfig"; sourceTree = "<group>"; };
/* End PBXFileReference section */

/* Begin PBXFrameworksBuildPhase section */
		52CC35BF1E8D7D5F0073E74C /* Frameworks */ = {
			isa = PBXFrameworksBuildPhase;
			buildActionMask = 2147483647;
			files = (
				AEA03A62A40453EF848A27DA /* Pods_GetWeather.framework in Frameworks */,
			);
			runOnlyForDeploymentPostprocessing = 0;
		};
/* End PBXFrameworksBuildPhase section */

/* Begin PBXGroup section */
		03512641FC9BA238074F53E7 /* Frameworks */ = {
			isa = PBXGroup;
			children = (
				56701B48DB2E9978CEE97487 /* Pods_GetWeather.framework */,
			);
			name = Frameworks;
			sourceTree = "<group>";
		};
		52CC35B91E8D7D5F0073E74C = {
			isa = PBXGroup;
			children = (
				52CC35C41E8D7D5F0073E74C /* GetWeather */,
				52CC35C31E8D7D5F0073E74C /* Products */,
				F50EB62B85D8EDF0AD075A51 /* Pods */,
				03512641FC9BA238074F53E7 /* Frameworks */,
			);
			sourceTree = "<group>";
		};
		52CC35C31E8D7D5F0073E74C /* Products */ = {
			isa = PBXGroup;
			children = (
				52CC35C21E8D7D5F0073E74C /* GetWeather.app */,
			);
			name = Products;
			sourceTree = "<group>";
		};
		52CC35C41E8D7D5F0073E74C /* GetWeather */ = {
			isa = PBXGroup;
			children = (
				52CC35E01E8EAD3A0073E74C /* WeatherCell.swift */,
				52CC35DD1E8EA3AB0073E74C /* Tools */,
				52CC35C51E8D7D5F0073E74C /* AppDelegate.swift */,
				52CC35C71E8D7D5F0073E74C /* WeatherVC.swift */,
				52CC35C91E8D7D5F0073E74C /* Main.storyboard */,
				52CC35CC1E8D7D5F0073E74C /* Assets.xcassets */,
				52CC35CE1E8D7D5F0073E74C /* LaunchScreen.storyboard */,
				52CC35D11E8D7D5F0073E74C /* Info.plist */,
				52CC35D71E8D83AA0073E74C /* Constants.swift */,
				52CC35D91E8DA8900073E74C /* CurrentWeather.swift */,
				52CC35DB1E8DC1ED0073E74C /* Forecast.swift */,
				52CC35E21E8EB4200073E74C /* Location.swift */,
				521DBC241E8F6B84009B8921 /* icon.swift */,
				521DBC261E915343009B8921 /* ipRow.swift */,
			);
			path = GetWeather;
			sourceTree = "<group>";
		};
		52CC35DD1E8EA3AB0073E74C /* Tools */ = {
			isa = PBXGroup;
			children = (
				52CC35DE1E8EA3BA0073E74C /* Tools.swift */,
			);
			name = Tools;
			sourceTree = "<group>";
		};
		F50EB62B85D8EDF0AD075A51 /* Pods */ = {
			isa = PBXGroup;
			children = (
				ECCC1F4216DD95FF19FDC037 /* Pods-GetWeather.debug.xcconfig */,
				B26D06C56AE60F13371AE21C /* Pods-GetWeather.release.xcconfig */,
			);
			name = Pods;
			sourceTree = "<group>";
		};
/* End PBXGroup section */

/* Begin PBXNativeTarget section */
		52CC35C11E8D7D5F0073E74C /* GetWeather */ = {
			isa = PBXNativeTarget;
			buildConfigurationList = 52CC35D41E8D7D5F0073E74C /* Build configuration list for PBXNativeTarget "GetWeather" */;
			buildPhases = (
				FD2795032405D402D7772AC5 /* [CP] Check Pods Manifest.lock */,
				52CC35BE1E8D7D5F0073E74C /* Sources */,
				52CC35BF1E8D7D5F0073E74C /* Frameworks */,
				52CC35C01E8D7D5F0073E74C /* Resources */,
				F3C8A8EF5A5EC6219053A825 /* [CP] Embed Pods Frameworks */,
				42B5CE86D9EC82091C5C045D /* [CP] Copy Pods Resources */,
				52CC35E41E8EBE040073E74C /* ShellScript */,
			);
			buildRules = (
			);
			dependencies = (
			);
			name = GetWeather;
			productName = GetWeather;
			productReference = 52CC35C21E8D7D5F0073E74C /* GetWeather.app */;
			productType = "com.apple.product-type.application";
		};
/* End PBXNativeTarget section */

/* Begin PBXProject section */
		52CC35BA1E8D7D5F0073E74C /* Project object */ = {
			isa = PBXProject;
			attributes = {
				LastSwiftUpdateCheck = 0820;
				LastUpgradeCheck = 0820;
				ORGANIZATIONNAME = "John Murphy";
				TargetAttributes = {
					52CC35C11E8D7D5F0073E74C = {
						CreatedOnToolsVersion = 8.2.1;
						DevelopmentTeam = 3EZ49465X3;
						ProvisioningStyle = Automatic;
					};
				};
			};
			buildConfigurationList = 52CC35BD1E8D7D5F0073E74C /* Build configuration list for PBXProject "GetWeather" */;
			compatibilityVersion = "Xcode 3.2";
			developmentRegion = English;
			hasScannedForEncodings = 0;
			knownRegions = (
				en,
				Base,
			);
			mainGroup = 52CC35B91E8D7D5F0073E74C;
			productRefGroup = 52CC35C31E8D7D5F0073E74C /* Products */;
			projectDirPath = "";
			projectRoot = "";
			targets = (
				52CC35C11E8D7D5F0073E74C /* GetWeather */,
			);
		};
/* End PBXProject section */

/* Begin PBXResourcesBuildPhase section */
		52CC35C01E8D7D5F0073E74C /* Resources */ = {
			isa = PBXResourcesBuildPhase;
			buildActionMask = 2147483647;
			files = (
				52CC35D01E8D7D5F0073E74C /* LaunchScreen.storyboard in Resources */,
				52CC35CD1E8D7D5F0073E74C /* Assets.xcassets in Resources */,
				52CC35CB1E8D7D5F0073E74C /* Main.storyboard in Resources */,
			);
			runOnlyForDeploymentPostprocessing = 0;
		};
/* End PBXResourcesBuildPhase section */

/* Begin PBXShellScriptBuildPhase section */
		42B5CE86D9EC82091C5C045D /* [CP] Copy Pods Resources */ = {
			isa = PBXShellScriptBuildPhase;
			buildActionMask = 2147483647;
			files = (
			);
			inputPaths = (
			);
			name = "[CP] Copy Pods Resources";
			outputPaths = (
			);
			runOnlyForDeploymentPostprocessing = 0;
			shellPath = /bin/sh;
			shellScript = "\"${SRCROOT}/Pods/Target Support Files/Pods-GetWeather/Pods-GetWeather-resources.sh\"\n";
			showEnvVarsInLog = 0;
		};
		52CC35E41E8EBE040073E74C /* ShellScript */ = {
			isa = PBXShellScriptBuildPhase;
			buildActionMask = 2147483647;
			files = (
			);
			inputPaths = (
			);
			outputPaths = (
			);
			runOnlyForDeploymentPostprocessing = 0;
			shellPath = /bin/sh;
			shellScript = "\"${PODS_ROOT}/Fabric/run\" 17cc6339a316386b0d5577ec8da5cf901ff3dc60 2433c703656e7b3ee4b6930a607cb995cda2dfc9ef8108a51a3497b2f42ff8d6";
		};
		F3C8A8EF5A5EC6219053A825 /* [CP] Embed Pods Frameworks */ = {
			isa = PBXShellScriptBuildPhase;
			buildActionMask = 2147483647;
			files = (
			);
			inputPaths = (
			);
			name = "[CP] Embed Pods Frameworks";
			outputPaths = (
			);
			runOnlyForDeploymentPostprocessing = 0;
			shellPath = /bin/sh;
			shellScript = "\"${SRCROOT}/Pods/Target Support Files/Pods-GetWeather/Pods-GetWeather-frameworks.sh\"\n";
			showEnvVarsInLog = 0;
		};
		FD2795032405D402D7772AC5 /* [CP] Check Pods Manifest.lock */ = {
			isa = PBXShellScriptBuildPhase;
			buildActionMask = 2147483647;
			files = (
			);
			inputPaths = (
			);
			name = "[CP] Check Pods Manifest.lock";
			outputPaths = (
			);
			runOnlyForDeploymentPostprocessing = 0;
			shellPath = /bin/sh;
			shellScript = "diff \"${PODS_ROOT}/../Podfile.lock\" \"${PODS_ROOT}/Manifest.lock\" > /dev/null\nif [ $? != 0 ] ; then\n    # print error to STDERR\n    echo \"error: The sandbox is not in sync with the Podfile.lock. Run 'pod install' or update your CocoaPods installation.\" >&2\n    exit 1\nfi\n";
			showEnvVarsInLog = 0;
		};
/* End PBXShellScriptBuildPhase section */

/* Begin PBXSourcesBuildPhase section */
		52CC35BE1E8D7D5F0073E74C /* Sources */ = {
			isa = PBXSourcesBuildPhase;
			buildActionMask = 2147483647;
			files = (
				52CC35C81E8D7D5F0073E74C /* WeatherVC.swift in Sources */,
				52CC35C61E8D7D5F0073E74C /* AppDelegate.swift in Sources */,
				52CC35E31E8EB4200073E74C /* Location.swift in Sources */,
				52CC35DA1E8DA8900073E74C /* CurrentWeather.swift in Sources */,
				52CC35DF1E8EA3BA0073E74C /* Tools.swift in Sources */,
				521DBC251E8F6B84009B8921 /* icon.swift in Sources */,
				52CC35D81E8D83AA0073E74C /* Constants.swift in Sources */,
				521DBC271E915343009B8921 /* ipRow.swift in Sources */,
				52CC35DC1E8DC1ED0073E74C /* Forecast.swift in Sources */,
				52CC35E11E8EAD3A0073E74C /* WeatherCell.swift in Sources */,
			);
			runOnlyForDeploymentPostprocessing = 0;
		};
/* End PBXSourcesBuildPhase section */

/* Begin PBXVariantGroup section */
		52CC35C91E8D7D5F0073E74C /* Main.storyboard */ = {
			isa = PBXVariantGroup;
			children = (
				52CC35CA1E8D7D5F0073E74C /* Base */,
			);
			name = Main.storyboard;
			sourceTree = "<group>";
		};
		52CC35CE1E8D7D5F0073E74C /* LaunchScreen.storyboard */ = {
			isa = PBXVariantGroup;
			children = (
				52CC35CF1E8D7D5F0073E74C /* Base */,
			);
			name = LaunchScreen.storyboard;
			sourceTree = "<group>";
		};
/* End PBXVariantGroup section */

/* Begin XCBuildConfiguration section */
		52CC35D21E8D7D5F0073E74C /* Debug */ = {
			isa = XCBuildConfiguration;
			buildSettings = {
				ALWAYS_SEARCH_USER_PATHS = NO;
				CLANG_ANALYZER_NONNULL = YES;
				CLANG_CXX_LANGUAGE_STANDARD = "gnu++0x";
				CLANG_CXX_LIBRARY = "libc++";
				CLANG_ENABLE_MODULES = YES;
				CLANG_ENABLE_OBJC_ARC = YES;
				CLANG_WARN_BOOL_CONVERSION = YES;
				CLANG_WARN_CONSTANT_CONVERSION = YES;
				CLANG_WARN_DIRECT_OBJC_ISA_USAGE = YES_ERROR;
				CLANG_WARN_DOCUMENTATION_COMMENTS = YES;
				CLANG_WARN_EMPTY_BODY = YES;
				CLANG_WARN_ENUM_CONVERSION = YES;
				CLANG_WARN_INFINITE_RECURSION = YES;
				CLANG_WARN_INT_CONVERSION = YES;
				CLANG_WARN_OBJC_ROOT_CLASS = YES_ERROR;
				CLANG_WARN_SUSPICIOUS_MOVE = YES;
				CLANG_WARN_UNREACHABLE_CODE = YES;
				CLANG_WARN__DUPLICATE_METHOD_MATCH = YES;
				"CODE_SIGN_IDENTITY[sdk=iphoneos*]" = "iPhone Developer";
				COPY_PHASE_STRIP = NO;
				DEBUG_INFORMATION_FORMAT = dwarf;
				ENABLE_STRICT_OBJC_MSGSEND = YES;
				ENABLE_TESTABILITY = YES;
				GCC_C_LANGUAGE_STANDARD = gnu99;
				GCC_DYNAMIC_NO_PIC = NO;
				GCC_NO_COMMON_BLOCKS = YES;
				GCC_OPTIMIZATION_LEVEL = 0;
				GCC_PREPROCESSOR_DEFINITIONS = (
					"DEBUG=1",
					"$(inherited)",
				);
				GCC_WARN_64_TO_32_BIT_CONVERSION = YES;
				GCC_WARN_ABOUT_RETURN_TYPE = YES_ERROR;
				GCC_WARN_UNDECLARED_SELECTOR = YES;
				GCC_WARN_UNINITIALIZED_AUTOS = YES_AGGRESSIVE;
				GCC_WARN_UNUSED_FUNCTION = YES;
				GCC_WARN_UNUSED_VARIABLE = YES;
				IPHONEOS_DEPLOYMENT_TARGET = 10.2;
				MTL_ENABLE_DEBUG_INFO = YES;
				ONLY_ACTIVE_ARCH = YES;
				SDKROOT = iphoneos;
				SWIFT_ACTIVE_COMPILATION_CONDITIONS = DEBUG;
				SWIFT_OPTIMIZATION_LEVEL = "-Onone";
				TARGETED_DEVICE_FAMILY = "1,2";
			};
			name = Debug;
		};
		52CC35D31E8D7D5F0073E74C /* Release */ = {
			isa = XCBuildConfiguration;
			buildSettings = {
				ALWAYS_SEARCH_USER_PATHS = NO;
				CLANG_ANALYZER_NONNULL = YES;
				CLANG_CXX_LANGUAGE_STANDARD = "gnu++0x";
				CLANG_CXX_LIBRARY = "libc++";
				CLANG_ENABLE_MODULES = YES;
				CLANG_ENABLE_OBJC_ARC = YES;
				CLANG_WARN_BOOL_CONVERSION = YES;
				CLANG_WARN_CONSTANT_CONVERSION = YES;
				CLANG_WARN_DIRECT_OBJC_ISA_USAGE = YES_ERROR;
				CLANG_WARN_DOCUMENTATION_COMMENTS = YES;
				CLANG_WARN_EMPTY_BODY = YES;
				CLANG_WARN_ENUM_CONVERSION = YES;
				CLANG_WARN_INFINITE_RECURSION = YES;
				CLANG_WARN_INT_CONVERSION = YES;
				CLANG_WARN_OBJC_ROOT_CLASS = YES_ERROR;
				CLANG_WARN_SUSPICIOUS_MOVE = YES;
				CLANG_WARN_UNREACHABLE_CODE = YES;
				CLANG_WARN__DUPLICATE_METHOD_MATCH = YES;
				"CODE_SIGN_IDENTITY[sdk=iphoneos*]" = "iPhone Developer";
				COPY_PHASE_STRIP = NO;
				DEBUG_INFORMATION_FORMAT = "dwarf-with-dsym";
				ENABLE_NS_ASSERTIONS = NO;
				ENABLE_STRICT_OBJC_MSGSEND = YES;
				GCC_C_LANGUAGE_STANDARD = gnu99;
				GCC_NO_COMMON_BLOCKS = YES;
				GCC_WARN_64_TO_32_BIT_CONVERSION = YES;
				GCC_WARN_ABOUT_RETURN_TYPE = YES_ERROR;
				GCC_WARN_UNDECLARED_SELECTOR = YES;
				GCC_WARN_UNINITIALIZED_AUTOS = YES_AGGRESSIVE;
				GCC_WARN_UNUSED_FUNCTION = YES;
				GCC_WARN_UNUSED_VARIABLE = YES;
				IPHONEOS_DEPLOYMENT_TARGET = 10.2;
				MTL_ENABLE_DEBUG_INFO = NO;
				SDKROOT = iphoneos;
				SWIFT_OPTIMIZATION_LEVEL = "-Owholemodule";
				TARGETED_DEVICE_FAMILY = "1,2";
				VALIDATE_PRODUCT = YES;
			};
			name = Release;
		};
		52CC35D51E8D7D5F0073E74C /* Debug */ = {
			isa = XCBuildConfiguration;
			baseConfigurationReference = ECCC1F4216DD95FF19FDC037 /* Pods-GetWeather.debug.xcconfig */;
			buildSettings = {
				ASSETCATALOG_COMPILER_APPICON_NAME = AppIcon;
				DEVELOPMENT_TEAM = 3EZ49465X3;
				INFOPLIST_FILE = GetWeather/Info.plist;
				LD_RUNPATH_SEARCH_PATHS = "$(inherited) @executable_path/Frameworks";
				PRODUCT_BUNDLE_IDENTIFIER = ninja.bicycle.GetWeather;
				PRODUCT_NAME = "$(TARGET_NAME)";
				SWIFT_VERSION = 3.0;
				TARGETED_DEVICE_FAMILY = 1;
			};
			name = Debug;
		};
		52CC35D61E8D7D5F0073E74C /* Release */ = {
			isa = XCBuildConfiguration;
			baseConfigurationReference = B26D06C56AE60F13371AE21C /* Pods-GetWeather.release.xcconfig */;
			buildSettings = {
				ASSETCATALOG_COMPILER_APPICON_NAME = AppIcon;
				DEVELOPMENT_TEAM = 3EZ49465X3;
				INFOPLIST_FILE = GetWeather/Info.plist;
				LD_RUNPATH_SEARCH_PATHS = "$(inherited) @executable_path/Frameworks";
				PRODUCT_BUNDLE_IDENTIFIER = ninja.bicycle.GetWeather;
				PRODUCT_NAME = "$(TARGET_NAME)";
				SWIFT_VERSION = 3.0;
				TARGETED_DEVICE_FAMILY = 1;
			};
			name = Release;
		};
/* End XCBuildConfiguration section */

/* Begin XCConfigurationList section */
		52CC35BD1E8D7D5F0073E74C /* Build configuration list for PBXProject "GetWeather" */ = {
			isa = XCConfigurationList;
			buildConfigurations = (
				52CC35D21E8D7D5F0073E74C /* Debug */,
				52CC35D31E8D7D5F0073E74C /* Release */,
			);
			defaultConfigurationIsVisible = 0;
			defaultConfigurationName = Release;
		};
		52CC35D41E8D7D5F0073E74C /* Build configuration list for PBXNativeTarget "GetWeather" */ = {
			isa = XCConfigurationList;
			buildConfigurations = (
				52CC35D51E8D7D5F0073E74C /* Debug */,
				52CC35D61E8D7D5F0073E74C /* Release */,
			);
			defaultConfigurationIsVisible = 0;
			defaultConfigurationName = Release;
		};
/* End XCConfigurationList section */
	};
	rootObject = 52CC35BA1E8D7D5F0073E74C /* Project object */;
}
